
Microsoft Visual Studio Solution File, Format Version 12.00
# Visual Studio 15
VisualStudioVersion = 15.0.26430.13
MinimumVisualStudioVersion = 10.0.40219.1
Project("{FAE04EC0-301F-11D3-BF4B-00C04F79EFBC}") = "DbgShellUI", "DbgShellUI\DbgShellUI.csproj", "{1829AEFE-5CD8-4C2A-95A6-2B41175537FA}"
EndProject
Project("{FAE04EC0-301F-11D3-BF4B-00C04F79EFBC}") = "DbgShell", "DbgShell\DbgShell.csproj", "{14D8BD88-02B9-4D4F-9FDB-168E0024D0C1}"
EndProject
Global
	GlobalSection(SolutionConfigurationPlatforms) = preSolution
		Debug|Any CPU = Debug|Any CPU
		Release|Any CPU = Release|Any CPU
	EndGlobalSection
	GlobalSection(ProjectConfigurationPlatforms) = postSolution
		{1829AEFE-5CD8-4C2A-95A6-2B41175537FA}.Debug|Any CPU.ActiveCfg = Debug|Any CPU
		{1829AEFE-5CD8-4C2A-95A6-2B41175537FA}.Debug|Any CPU.Build.0 = Debug|Any CPU
		{1829AEFE-5CD8-4C2A-95A6-2B41175537FA}.Release|Any CPU.ActiveCfg = Release|Any CPU
		{1829AEFE-5CD8-4C2A-95A6-2B41175537FA}.Release|Any CPU.Build.0 = Release|Any CPU
		{14D8BD88-02B9-4D4F-9FDB-168E0024D0C1}.Debug|Any CPU.ActiveCfg = Debug|Any CPU
		{14D8BD88-02B9-4D4F-9FDB-168E0024D0C1}.Debug|Any CPU.Build.0 = Debug|Any CPU
		{14D8BD88-02B9-4D4F-9FDB-168E0024D0C1}.Release|Any CPU.ActiveCfg = Release|Any CPU
		{14D8BD88-02B9-4D4F-9FDB-168E0024D0C1}.Release|Any CPU.Build.0 = Release|Any CPU
	EndGlobalSection
	GlobalSection(SolutionProperties) = preSolution
		HideSolutionNode = FALSE
	EndGlobalSection
EndGlobal
